
Microsoft Visual Studio Solution File, Format Version 12.00
# Visual Studio Version 16
VisualStudioVersion = 16.0.31729.503
MinimumVisualStudioVersion = 10.0.40219.1
Project("{F184B08F-C81C-45F6-A57F-5ABD9991F28F}") = "RelativeFilesRecords", "RelativeFilesRecords.vbproj", "{035433BA-1598-41FF-8FCD-C91AE7ABC512}"
EndProject
Global
	GlobalSection(SolutionConfigurationPlatforms) = preSolution
		Debug|Any CPU = Debug|Any CPU
		Release|Any CPU = Release|Any CPU
	EndGlobalSection
	GlobalSection(ProjectConfigurationPlatforms) = postSolution
		{035433BA-1598-41FF-8FCD-C91AE7ABC512}.Debug|Any CPU.ActiveCfg = Debug|Any CPU
		{035433BA-1598-41FF-8FCD-C91AE7ABC512}.Debug|Any CPU.Build.0 = Debug|Any CPU
		{035433BA-1598-41FF-8FCD-C91AE7ABC512}.Release|Any CPU.ActiveCfg = Release|Any CPU
		{035433BA-1598-41FF-8FCD-C91AE7ABC512}.Release|Any CPU.Build.0 = Release|Any CPU
	EndGlobalSection
	GlobalSection(SolutionProperties) = preSolution
		HideSolutionNode = FALSE
	EndGlobalSection
	GlobalSection(ExtensibilityGlobals) = postSolution
		SolutionGuid = {0456040D-5BC2-4A42-9264-61A4D5362A03}
	EndGlobalSection
EndGlobal
