
Microsoft Visual Studio Solution File, Format Version 12.00
# Visual Studio Version 16
VisualStudioVersion = 16.0.31205.134
MinimumVisualStudioVersion = 10.0.40219.1
Project("{F184B08F-C81C-45F6-A57F-5ABD9991F28F}") = "RandomiseTesting", "RandomiseTesting.vbproj", "{451941A5-22A4-4E5F-894D-04D5B145A8FA}"
EndProject
Global
	GlobalSection(SolutionConfigurationPlatforms) = preSolution
		Debug|Any CPU = Debug|Any CPU
		Release|Any CPU = Release|Any CPU
	EndGlobalSection
	GlobalSection(ProjectConfigurationPlatforms) = postSolution
		{451941A5-22A4-4E5F-894D-04D5B145A8FA}.Debug|Any CPU.ActiveCfg = Debug|Any CPU
		{451941A5-22A4-4E5F-894D-04D5B145A8FA}.Debug|Any CPU.Build.0 = Debug|Any CPU
		{451941A5-22A4-4E5F-894D-04D5B145A8FA}.Release|Any CPU.ActiveCfg = Release|Any CPU
		{451941A5-22A4-4E5F-894D-04D5B145A8FA}.Release|Any CPU.Build.0 = Release|Any CPU
	EndGlobalSection
	GlobalSection(SolutionProperties) = preSolution
		HideSolutionNode = FALSE
	EndGlobalSection
	GlobalSection(ExtensibilityGlobals) = postSolution
		SolutionGuid = {63C45159-F267-4425-8753-8681BE7F3BFD}
	EndGlobalSection
EndGlobal
