
Microsoft Visual Studio Solution File, Format Version 12.00
# Visual Studio Version 16
VisualStudioVersion = 16.0.31205.134
MinimumVisualStudioVersion = 10.0.40219.1
Project("{F184B08F-C81C-45F6-A57F-5ABD9991F28F}") = "PredictiveTextPalindromes", "PredictiveTextPalindromes.vbproj", "{A95DCEB2-E7D8-41F0-ABC8-83A36B3D26DF}"
EndProject
Global
	GlobalSection(SolutionConfigurationPlatforms) = preSolution
		Debug|Any CPU = Debug|Any CPU
		Release|Any CPU = Release|Any CPU
	EndGlobalSection
	GlobalSection(ProjectConfigurationPlatforms) = postSolution
		{A95DCEB2-E7D8-41F0-ABC8-83A36B3D26DF}.Debug|Any CPU.ActiveCfg = Debug|Any CPU
		{A95DCEB2-E7D8-41F0-ABC8-83A36B3D26DF}.Debug|Any CPU.Build.0 = Debug|Any CPU
		{A95DCEB2-E7D8-41F0-ABC8-83A36B3D26DF}.Release|Any CPU.ActiveCfg = Release|Any CPU
		{A95DCEB2-E7D8-41F0-ABC8-83A36B3D26DF}.Release|Any CPU.Build.0 = Release|Any CPU
	EndGlobalSection
	GlobalSection(SolutionProperties) = preSolution
		HideSolutionNode = FALSE
	EndGlobalSection
	GlobalSection(ExtensibilityGlobals) = postSolution
		SolutionGuid = {0549D980-612B-4E2C-A565-A5C198000C2D}
	EndGlobalSection
EndGlobal
